{
  "name": "git-grav-book",
  "version": "1.0.0",
  "lockfileVersion": 1,
  "requires": true,
  "dependencies": {
    "gulp": {
      "version": "4.0.2",
      "resolved": "https://registry.npmjs.org/gulp/-/gulp-4.0.2.tgz",
      "integrity": "sha512-dvEs27SCZt2ibF29xYgmnwwCYZxdxhQ/+LFWlbAW8y7jt68L/65402Lz3+CKy0Ov4rOs+NERmDq7YlZaDqUIfA==",
      "dev": true,
      "dependencies": {
        "gulp-cli": {
          "version": "2.2.0",
          "resolved": "https://registry.npmjs.org/gulp-cli/-/gulp-cli-2.2.0.tgz",
          "integrity": "sha512-rGs3bVYHdyJpLqR0TUBnlcZ1O5O++Zs4bA0ajm+zr3WFCfiSLjGwoCBqFs18wzN+ZxahT9DkOK5nDf26iDsWjA=="
        }
      }
    },
    "gulp-autoprefixer": {
      "version": "7.0.0",
      "resolved": "https://registry.npmjs.org/gulp-autoprefixer/-/gulp-autoprefixer-7.0.0.tgz",
      "integrity": "sha512-ZGMA/9iPF7kfZIVhznd3eylivBcyLCgcV32cWtvM7j2IjEQzoRg1XaKgCeO5ytutq8XW3Rip+iM4EsVbNshoZw==",
      "dev": true,
      "dependencies": {
        "through2": {
          "version": "3.0.1",
          "resolved": "https://registry.npmjs.org/through2/-/through2-3.0.1.tgz",
          "integrity": "sha512-M96dvTalPT3YbYLaKaCuwu+j06D/8Jfib0o/PxbVt6Amhv3dUAtW6rTV1jPgJSBG83I/e04Y6xkVdVhSRhi0ww=="
        }
      }
    },
    "gulp-clean-css": {
      "version": "3.10.0",
      "resolved": "https://registry.npmjs.org/gulp-clean-css/-/gulp-clean-css-3.10.0.tgz",
      "integrity": "sha512-7Isf9Y690o/Q5MVjEylH1H7L8WeZ89woW7DnhD5unTintOdZb67KdOayRgp9trUFo+f9UyJtuatV42e/+kghPg==",
      "dev": true,
      "dependencies": {
        "through2": {
          "version": "2.0.3",
          "resolved": "https://registry.npmjs.org/through2/-/through2-2.0.3.tgz",
          "integrity": "sha1-AARWmzfHx0ujnEPzzteNGtlBQL4="
        }
      }
    },
    "gulp-csscomb": {
      "version": "3.0.8",
      "resolved": "https://registry.npmjs.org/gulp-csscomb/-/gulp-csscomb-3.0.8.tgz",
      "integrity": "sha1-3zSCSlgKTH0zUcHo67ateh1aibc=",
      "dev": true
    },
    "gulp-rename": {
      "version": "1.4.0",
      "resolved": "https://registry.npmjs.org/gulp-rename/-/gulp-rename-1.4.0.tgz",
      "integrity": "sha512-swzbIGb/arEoFK89tPY58vg3Ok1bw+d35PfUNwWqdo7KM4jkmuGA78JiDNqR+JeZFaeeHnRg9N7aihX3YPmsyg==",
      "dev": true
    },
    "gulp-sass": {
      "version": "4.0.2",
      "resolved": "https://registry.npmjs.org/gulp-sass/-/gulp-sass-4.0.2.tgz",
      "integrity": "sha512-q8psj4+aDrblJMMtRxihNBdovfzGrXJp1l4JU0Sz4b/Mhsi2DPrKFYCGDwjIWRENs04ELVHxdOJQ7Vs98OFohg==",
      "dev": true,
      "dependencies": {
        "ansi-regex": {
          "version": "3.0.0",
          "resolved": "https://registry.npmjs.org/ansi-regex/-/ansi-regex-3.0.0.tgz",
          "integrity": "sha1-7QMXwyIGT3lGbAKWa922Bas32Zg="
        },
        "strip-ansi": {
          "version": "4.0.0",
          "resolved": "https://registry.npmjs.org/strip-ansi/-/strip-ansi-4.0.0.tgz",
          "integrity": "sha1-qEeQIusaw2iocTibY1JixQXuNo8="
        }
      }
    },
    "gulp-sourcemaps": {
      "version": "2.6.5",
      "resolved": "https://registry.npmjs.org/gulp-sourcemaps/-/gulp-sourcemaps-2.6.5.tgz",
      "integrity": "sha512-SYLBRzPTew8T5Suh2U8jCSDKY+4NARua4aqjj8HOysBh2tSgT9u4jc1FYirAdPx1akUxxDeK++fqw6Jg0LkQRg==",
      "dependencies": {
        "source-map": {
          "version": "0.6.1",
          "resolved": "https://registry.npmjs.org/source-map/-/source-map-0.6.1.tgz",
          "integrity": "sha512-UjgapumWlbMhkBgzT7Ykc5YXUT46F0iKu8SGXq0bcwP5dz/h0Plj6enJqjz1Zbq2l5WaqYnrVbwWOWMyF3F47g=="
        }
      }
    },
    "uikit": {
      "version": "3.2.0",
      "resolved": "https://registry.npmjs.org/uikit/-/uikit-3.2.0.tgz",
      "integrity": "sha512-fTejdVwA5Jcrgfr8cY6rT/oBql8cj42HMpKUgnOkcPqxlpI5F+mPVYTSBfX8U5bso8ZtxLOyoUtdfc4XSMNqTA=="
    }
  }
}
